Microsoft Visual Studio Solution File, Format Version 12.00
# Visual Studio 2012
Project("{FAE04EC0-301F-11D3-BF4B-00C04F79EFBC}") = "FaceBuilder", "FaceBuilder.csproj", "{CAD0EEFC-B454-4FBA-AF1A-B1298E44D124}"
EndProject
Global
	GlobalSection(SolutionConfigurationPlatforms) = preSolution
	Debug|Any CPU = Debug|Any CPU
	ExportDebug|Any CPU = ExportDebug|Any CPU
	ExportRelease|Any CPU = ExportRelease|Any CPU
	EndGlobalSection
	GlobalSection(ProjectConfigurationPlatforms) = postSolution
		{CAD0EEFC-B454-4FBA-AF1A-B1298E44D124}.Debug|Any CPU.ActiveCfg = Debug|Any CPU
		{CAD0EEFC-B454-4FBA-AF1A-B1298E44D124}.Debug|Any CPU.Build.0 = Debug|Any CPU
		{CAD0EEFC-B454-4FBA-AF1A-B1298E44D124}.ExportDebug|Any CPU.ActiveCfg = ExportDebug|Any CPU
		{CAD0EEFC-B454-4FBA-AF1A-B1298E44D124}.ExportDebug|Any CPU.Build.0 = ExportDebug|Any CPU
		{CAD0EEFC-B454-4FBA-AF1A-B1298E44D124}.ExportRelease|Any CPU.ActiveCfg = ExportRelease|Any CPU
		{CAD0EEFC-B454-4FBA-AF1A-B1298E44D124}.ExportRelease|Any CPU.Build.0 = ExportRelease|Any CPU
	EndGlobalSection
EndGlobal
